
Microsoft Visual Studio Solution File, Format Version 12.00
# Visual Studio Version 16
VisualStudioVersion = 16.0.30204.135
MinimumVisualStudioVersion = 10.0.40219.1
Project("{FAE04EC0-301F-11D3-BF4B-00C04F79EFBC}") = "Interface Concept", "Interface Concept.csproj", "{3911B301-048E-43F7-ACD6-4607BBF93524}"
EndProject
Global
	GlobalSection(SolutionConfigurationPlatforms) = preSolution
		Debug|Any CPU = Debug|Any CPU
		Release|Any CPU = Release|Any CPU
	EndGlobalSection
	GlobalSection(ProjectConfigurationPlatforms) = postSolution
		{3911B301-048E-43F7-ACD6-4607BBF93524}.Debug|Any CPU.ActiveCfg = Debug|Any CPU
		{3911B301-048E-43F7-ACD6-4607BBF93524}.Debug|Any CPU.Build.0 = Debug|Any CPU
		{3911B301-048E-43F7-ACD6-4607BBF93524}.Release|Any CPU.ActiveCfg = Release|Any CPU
		{3911B301-048E-43F7-ACD6-4607BBF93524}.Release|Any CPU.Build.0 = Release|Any CPU
	EndGlobalSection
	GlobalSection(SolutionProperties) = preSolution
		HideSolutionNode = FALSE
	EndGlobalSection
	GlobalSection(ExtensibilityGlobals) = postSolution
		SolutionGuid = {A7CABEA0-41E1-4AC7-8007-D13B101093D0}
	EndGlobalSection
EndGlobal
