
Microsoft Visual Studio Solution File, Format Version 12.00
# Visual Studio Version 16
VisualStudioVersion = 16.0.30204.135
MinimumVisualStudioVersion = 10.0.40219.1
Project("{FAE04EC0-301F-11D3-BF4B-00C04F79EFBC}") = "Inheritance", "Inheritance.csproj", "{A1109EE2-B8CD-4395-B662-FF12B31C9E7A}"
EndProject
Global
	GlobalSection(SolutionConfigurationPlatforms) = preSolution
		Debug|Any CPU = Debug|Any CPU
		Release|Any CPU = Release|Any CPU
	EndGlobalSection
	GlobalSection(ProjectConfigurationPlatforms) = postSolution
		{A1109EE2-B8CD-4395-B662-FF12B31C9E7A}.Debug|Any CPU.ActiveCfg = Debug|Any CPU
		{A1109EE2-B8CD-4395-B662-FF12B31C9E7A}.Debug|Any CPU.Build.0 = Debug|Any CPU
		{A1109EE2-B8CD-4395-B662-FF12B31C9E7A}.Release|Any CPU.ActiveCfg = Release|Any CPU
		{A1109EE2-B8CD-4395-B662-FF12B31C9E7A}.Release|Any CPU.Build.0 = Release|Any CPU
	EndGlobalSection
	GlobalSection(SolutionProperties) = preSolution
		HideSolutionNode = FALSE
	EndGlobalSection
	GlobalSection(ExtensibilityGlobals) = postSolution
		SolutionGuid = {52D28BF5-12D9-4EF5-8894-A71560ED20E8}
	EndGlobalSection
EndGlobal
